// !$*UTF8*$!
{
	archiveVersion = 1;
	classes = {
	};
	objectVersion = 46;
	objects = {

/* Begin PBXBuildFile section */
		C37D92F51AC098A800F9914A /* AppDelegate.swift in Sources */ = {isa = PBXBuildFile; fileRef = C37D92F41AC098A800F9914A /* AppDelegate.swift */; };
		C37D92F71AC098A800F9914A /* ViewController.swift in Sources */ = {isa = PBXBuildFile; fileRef = C37D92F61AC098A800F9914A /* ViewController.swift */; };
		C37D92FA1AC098A800F9914A /* Main.storyboard in Resources */ = {isa = PBXBuildFile; fileRef = C37D92F81AC098A800F9914A /* Main.storyboard */; };
		C37D92FC1AC098A800F9914A /* Images.xcassets in Resources */ = {isa = PBXBuildFile; fileRef = C37D92FB1AC098A800F9914A /* Images.xcassets */; };
		C37D92FF1AC098A800F9914A /* LaunchScreen.xib in Resources */ = {isa = PBXBuildFile; fileRef = C37D92FD1AC098A800F9914A /* LaunchScreen.xib */; };
		C37D930B1AC098A900F9914A /* ECDropDownListTests.swift in Sources */ = {isa = PBXBuildFile; fileRef = C37D930A1AC098A900F9914A /* ECDropDownListTests.swift */; };
		C37D93151AC098DB00F9914A /* ECListItem.swift in Sources */ = {isa = PBXBuildFile; fileRef = C37D93141AC098DB00F9914A /* ECListItem.swift */; };
		C37D93191AC0A61200F9914A /* ECListMenu.swift in Sources */ = {isa = PBXBuildFile; fileRef = C37D93181AC0A61200F9914A /* ECListMenu.swift */; };
		C37D931F1AC0AEF900F9914A /* ECListItemView.swift in Sources */ = {isa = PBXBuildFile; fileRef = C37D931E1AC0AEF900F9914A /* ECListItemView.swift */; };
		C37D93211AC0BA2D00F9914A /* ECListMenuView.swift in Sources */ = {isa = PBXBuildFile; fileRef = C37D93201AC0BA2D00F9914A /* ECListMenuView.swift */; };
/* End PBXBuildFile section */

/* Begin PBXContainerItemProxy section */
		C37D93051AC098A900F9914A /* PBXContainerItemProxy */ = {
			isa = PBXContainerItemProxy;
			containerPortal = C37D92E71AC098A800F9914A /* Project object */;
			proxyType = 1;
			remoteGlobalIDString = C37D92EE1AC098A800F9914A;
			remoteInfo = ECDropDownList;
		};
/* End PBXContainerItemProxy section */

/* Begin PBXFileReference section */
		C37D92EF1AC098A800F9914A /* ECDropDownList.app */ = {isa = PBXFileReference; explicitFileType = wrapper.application; includeInIndex = 0; path = ECDropDownList.app; sourceTree = BUILT_PRODUCTS_DIR; };
		C37D92F31AC098A800F9914A /* Info.plist */ = {isa = PBXFileReference; lastKnownFileType = text.plist.xml; path = Info.plist; sourceTree = "<group>"; };
		C37D92F41AC098A800F9914A /* AppDelegate.swift */ = {isa = PBXFileReference; lastKnownFileType = sourcecode.swift; path = AppDelegate.swift; sourceTree = "<group>"; };
		C37D92F61AC098A800F9914A /* ViewController.swift */ = {isa = PBXFileReference; lastKnownFileType = sourcecode.swift; path = ViewController.swift; sourceTree = "<group>"; };
		C37D92F91AC098A800F9914A /* Base */ = {isa = PBXFileReference; lastKnownFileType = file.storyboard; name = Base; path = Base.lproj/Main.storyboard; sourceTree = "<group>"; };
		C37D92FB1AC098A800F9914A /* Images.xcassets */ = {isa = PBXFileReference; lastKnownFileType = folder.assetcatalog; path = Images.xcassets; sourceTree = "<group>"; };
		C37D92FE1AC098A800F9914A /* Base */ = {isa = PBXFileReference; lastKnownFileType = file.xib; name = Base; path = Base.lproj/LaunchScreen.xib; sourceTree = "<group>"; };
		C37D93041AC098A900F9914A /* ECDropDownListTests.xctest */ = {isa = PBXFileReference; explicitFileType = wrapper.cfbundle; includeInIndex = 0; path = ECDropDownListTests.xctest; sourceTree = BUILT_PRODUCTS_DIR; };
		C37D93091AC098A900F9914A /* Info.plist */ = {isa = PBXFileReference; lastKnownFileType = text.plist.xml; path = Info.plist; sourceTree = "<group>"; };
		C37D930A1AC098A900F9914A /* ECDropDownListTests.swift */ = {isa = PBXFileReference; lastKnownFileType = sourcecode.swift; path = ECDropDownListTests.swift; sourceTree = "<group>"; };
		C37D93141AC098DB00F9914A /* ECListItem.swift */ = {isa = PBXFileReference; fileEncoding = 4; lastKnownFileType = sourcecode.swift; path = ECListItem.swift; sourceTree = "<group>"; };
		C37D93181AC0A61200F9914A /* ECListMenu.swift */ = {isa = PBXFileReference; fileEncoding = 4; lastKnownFileType = sourcecode.swift; path = ECListMenu.swift; sourceTree = "<group>"; };
		C37D931E1AC0AEF900F9914A /* ECListItemView.swift */ = {isa = PBXFileReference; fileEncoding = 4; lastKnownFileType = sourcecode.swift; path = ECListItemView.swift; sourceTree = "<group>"; };
		C37D93201AC0BA2D00F9914A /* ECListMenuView.swift */ = {isa = PBXFileReference; fileEncoding = 4; lastKnownFileType = sourcecode.swift; path = ECListMenuView.swift; sourceTree = "<group>"; };
/* End PBXFileReference section */

/* Begin PBXFrameworksBuildPhase section */
		C37D92EC1AC098A800F9914A /* Frameworks */ = {
			isa = PBXFrameworksBuildPhase;
			buildActionMask = 2147483647;
			files = (
			);
			runOnlyForDeploymentPostprocessing = 0;
		};
		C37D93011AC098A900F9914A /* Frameworks */ = {
			isa = PBXFrameworksBuildPhase;
			buildActionMask = 2147483647;
			files = (
			);
			runOnlyForDeploymentPostprocessing = 0;
		};
/* End PBXFrameworksBuildPhase section */

/* Begin PBXGroup section */
		C37D92E61AC098A800F9914A = {
			isa = PBXGroup;
			children = (
				C37D92F11AC098A800F9914A /* ECDropDownList */,
				C37D93071AC098A900F9914A /* ECDropDownListTests */,
				C37D92F01AC098A800F9914A /* Products */,
			);
			sourceTree = "<group>";
		};
		C37D92F01AC098A800F9914A /* Products */ = {
			isa = PBXGroup;
			children = (
				C37D92EF1AC098A800F9914A /* ECDropDownList.app */,
				C37D93041AC098A900F9914A /* ECDropDownListTests.xctest */,
			);
			name = Products;
			sourceTree = "<group>";
		};
		C37D92F11AC098A800F9914A /* ECDropDownList */ = {
			isa = PBXGroup;
			children = (
				C37D92F41AC098A800F9914A /* AppDelegate.swift */,
				C37D92F61AC098A800F9914A /* ViewController.swift */,
				C37D92F81AC098A800F9914A /* Main.storyboard */,
				C37D92FB1AC098A800F9914A /* Images.xcassets */,
				C37D92FD1AC098A800F9914A /* LaunchScreen.xib */,
				C37D92F21AC098A800F9914A /* Supporting Files */,
				C37D93141AC098DB00F9914A /* ECListItem.swift */,
				C37D931E1AC0AEF900F9914A /* ECListItemView.swift */,
				C37D93181AC0A61200F9914A /* ECListMenu.swift */,
				C37D93201AC0BA2D00F9914A /* ECListMenuView.swift */,
			);
			path = ECDropDownList;
			sourceTree = "<group>";
		};
		C37D92F21AC098A800F9914A /* Supporting Files */ = {
			isa = PBXGroup;
			children = (
				C37D92F31AC098A800F9914A /* Info.plist */,
			);
			name = "Supporting Files";
			sourceTree = "<group>";
		};
		C37D93071AC098A900F9914A /* ECDropDownListTests */ = {
			isa = PBXGroup;
			children = (
				C37D930A1AC098A900F9914A /* ECDropDownListTests.swift */,
				C37D93081AC098A900F9914A /* Supporting Files */,
			);
			path = ECDropDownListTests;
			sourceTree = "<group>";
		};
		C37D93081AC098A900F9914A /* Supporting Files */ = {
			isa = PBXGroup;
			children = (
				C37D93091AC098A900F9914A /* Info.plist */,
			);
			name = "Supporting Files";
			sourceTree = "<group>";
		};
/* End PBXGroup section */

/* Begin PBXNativeTarget section */
		C37D92EE1AC098A800F9914A /* ECDropDownList */ = {
			isa = PBXNativeTarget;
			buildConfigurationList = C37D930E1AC098A900F9914A /* Build configuration list for PBXNativeTarget "ECDropDownList" */;
			buildPhases = (
				C37D92EB1AC098A800F9914A /* Sources */,
				C37D92EC1AC098A800F9914A /* Frameworks */,
				C37D92ED1AC098A800F9914A /* Resources */,
			);
			buildRules = (
			);
			dependencies = (
			);
			name = ECDropDownList;
			productName = ECDropDownList;
			productReference = C37D92EF1AC098A800F9914A /* ECDropDownList.app */;
			productType = "com.apple.product-type.application";
		};
		C37D93031AC098A900F9914A /* ECDropDownListTests */ = {
			isa = PBXNativeTarget;
			buildConfigurationList = C37D93111AC098A900F9914A /* Build configuration list for PBXNativeTarget "ECDropDownListTests" */;
			buildPhases = (
				C37D93001AC098A900F9914A /* Sources */,
				C37D93011AC098A900F9914A /* Frameworks */,
				C37D93021AC098A900F9914A /* Resources */,
			);
			buildRules = (
			);
			dependencies = (
				C37D93061AC098A900F9914A /* PBXTargetDependency */,
			);
			name = ECDropDownListTests;
			productName = ECDropDownListTests;
			productReference = C37D93041AC098A900F9914A /* ECDropDownListTests.xctest */;
			productType = "com.apple.product-type.bundle.unit-test";
		};
/* End PBXNativeTarget section */

/* Begin PBXProject section */
		C37D92E71AC098A800F9914A /* Project object */ = {
			isa = PBXProject;
			attributes = {
				LastUpgradeCheck = 0620;
				ORGANIZATIONNAME = pictago;
				TargetAttributes = {
					C37D92EE1AC098A800F9914A = {
						CreatedOnToolsVersion = 6.2;
						DevelopmentTeam = 868847X6RQ;
					};
					C37D93031AC098A900F9914A = {
						CreatedOnToolsVersion = 6.2;
						TestTargetID = C37D92EE1AC098A800F9914A;
					};
				};
			};
			buildConfigurationList = C37D92EA1AC098A800F9914A /* Build configuration list for PBXProject "ECDropDownList" */;
			compatibilityVersion = "Xcode 3.2";
			developmentRegion = English;
			hasScannedForEncodings = 0;
			knownRegions = (
				en,
				Base,
			);
			mainGroup = C37D92E61AC098A800F9914A;
			productRefGroup = C37D92F01AC098A800F9914A /* Products */;
			projectDirPath = "";
			projectRoot = "";
			targets = (
				C37D92EE1AC098A800F9914A /* ECDropDownList */,
				C37D93031AC098A900F9914A /* ECDropDownListTests */,
			);
		};
/* End PBXProject section */

/* Begin PBXResourcesBuildPhase section */
		C37D92ED1AC098A800F9914A /* Resources */ = {
			isa = PBXResourcesBuildPhase;
			buildActionMask = 2147483647;
			files = (
				C37D92FA1AC098A800F9914A /* Main.storyboard in Resources */,
				C37D92FF1AC098A800F9914A /* LaunchScreen.xib in Resources */,
				C37D92FC1AC098A800F9914A /* Images.xcassets in Resources */,
			);
			runOnlyForDeploymentPostprocessing = 0;
		};
		C37D93021AC098A900F9914A /* Resources */ = {
			isa = PBXResourcesBuildPhase;
			buildActionMask = 2147483647;
			files = (
			);
			runOnlyForDeploymentPostprocessing = 0;
		};
/* End PBXResourcesBuildPhase section */

/* Begin PBXSourcesBuildPhase section */
		C37D92EB1AC098A800F9914A /* Sources */ = {
			isa = PBXSourcesBuildPhase;
			buildActionMask = 2147483647;
			files = (
				C37D93191AC0A61200F9914A /* ECListMenu.swift in Sources */,
				C37D93211AC0BA2D00F9914A /* ECListMenuView.swift in Sources */,
				C37D92F71AC098A800F9914A /* ViewController.swift in Sources */,
				C37D92F51AC098A800F9914A /* AppDelegate.swift in Sources */,
				C37D93151AC098DB00F9914A /* ECListItem.swift in Sources */,
				C37D931F1AC0AEF900F9914A /* ECListItemView.swift in Sources */,
			);
			runOnlyForDeploymentPostprocessing = 0;
		};
		C37D93001AC098A900F9914A /* Sources */ = {
			isa = PBXSourcesBuildPhase;
			buildActionMask = 2147483647;
			files = (
				C37D930B1AC098A900F9914A /* ECDropDownListTests.swift in Sources */,
			);
			runOnlyForDeploymentPostprocessing = 0;
		};
/* End PBXSourcesBuildPhase section */

/* Begin PBXTargetDependency section */
		C37D93061AC098A900F9914A /* PBXTargetDependency */ = {
			isa = PBXTargetDependency;
			target = C37D92EE1AC098A800F9914A /* ECDropDownList */;
			targetProxy = C37D93051AC098A900F9914A /* PBXContainerItemProxy */;
		};
/* End PBXTargetDependency section */

/* Begin PBXVariantGroup section */
		C37D92F81AC098A800F9914A /* Main.storyboard */ = {
			isa = PBXVariantGroup;
			children = (
				C37D92F91AC098A800F9914A /* Base */,
			);
			name = Main.storyboard;
			sourceTree = "<group>";
		};
		C37D92FD1AC098A800F9914A /* LaunchScreen.xib */ = {
			isa = PBXVariantGroup;
			children = (
				C37D92FE1AC098A800F9914A /* Base */,
			);
			name = LaunchScreen.xib;
			sourceTree = "<group>";
		};
/* End PBXVariantGroup section */

/* Begin XCBuildConfiguration section */
		C37D930C1AC098A900F9914A /* Debug */ = {
			isa = XCBuildConfiguration;
			buildSettings = {
				ALWAYS_SEARCH_USER_PATHS = NO;
				CLANG_CXX_LANGUAGE_STANDARD = "gnu++0x";
				CLANG_CXX_LIBRARY = "libc++";
				CLANG_ENABLE_MODULES = YES;
				CLANG_ENABLE_OBJC_ARC = YES;
				CLANG_WARN_BOOL_CONVERSION = YES;
				CLANG_WARN_CONSTANT_CONVERSION = YES;
				CLANG_WARN_DIRECT_OBJC_ISA_USAGE = YES_ERROR;
				CLANG_WARN_EMPTY_BODY = YES;
				CLANG_WARN_ENUM_CONVERSION = YES;
				CLANG_WARN_INT_CONVERSION = YES;
				CLANG_WARN_OBJC_ROOT_CLASS = YES_ERROR;
				CLANG_WARN_UNREACHABLE_CODE = YES;
				CLANG_WARN__DUPLICATE_METHOD_MATCH = YES;
				"CODE_SIGN_IDENTITY[sdk=iphoneos*]" = "iPhone Developer";
				COPY_PHASE_STRIP = NO;
				ENABLE_STRICT_OBJC_MSGSEND = YES;
				GCC_C_LANGUAGE_STANDARD = gnu99;
				GCC_DYNAMIC_NO_PIC = NO;
				GCC_OPTIMIZATION_LEVEL = 0;
				GCC_PREPROCESSOR_DEFINITIONS = (
					"DEBUG=1",
					"$(inherited)",
				);
				GCC_SYMBOLS_PRIVATE_EXTERN = NO;
				GCC_WARN_64_TO_32_BIT_CONVERSION = YES;
				GCC_WARN_ABOUT_RETURN_TYPE = YES_ERROR;
				GCC_WARN_UNDECLARED_SELECTOR = YES;
				GCC_WARN_UNINITIALIZED_AUTOS = YES_AGGRESSIVE;
				GCC_WARN_UNUSED_FUNCTION = YES;
				GCC_WARN_UNUSED_VARIABLE = YES;
				IPHONEOS_DEPLOYMENT_TARGET = 8.2;
				MTL_ENABLE_DEBUG_INFO = YES;
				ONLY_ACTIVE_ARCH = YES;
				SDKROOT = iphoneos;
				SWIFT_OPTIMIZATION_LEVEL = "-Onone";
			};
			name = Debug;
		};
		C37D930D1AC098A900F9914A /* Release */ = {
			isa = XCBuildConfiguration;
			buildSettings = {
				ALWAYS_SEARCH_USER_PATHS = NO;
				CLANG_CXX_LANGUAGE_STANDARD = "gnu++0x";
				CLANG_CXX_LIBRARY = "libc++";
				CLANG_ENABLE_MODULES = YES;
				CLANG_ENABLE_OBJC_ARC = YES;
				CLANG_WARN_BOOL_CONVERSION = YES;
				CLANG_WARN_CONSTANT_CONVERSION = YES;
				CLANG_WARN_DIRECT_OBJC_ISA_USAGE = YES_ERROR;
				CLANG_WARN_EMPTY_BODY = YES;
				CLANG_WARN_ENUM_CONVERSION = YES;
				CLANG_WARN_INT_CONVERSION = YES;
				CLANG_WARN_OBJC_ROOT_CLASS = YES_ERROR;
				CLANG_WARN_UNREACHABLE_CODE = YES;
				CLANG_WARN__DUPLICATE_METHOD_MATCH = YES;
				"CODE_SIGN_IDENTITY[sdk=iphoneos*]" = "iPhone Developer";
				COPY_PHASE_STRIP = NO;
				ENABLE_NS_ASSERTIONS = NO;
				ENABLE_STRICT_OBJC_MSGSEND = YES;
				GCC_C_LANGUAGE_STANDARD = gnu99;
				GCC_WARN_64_TO_32_BIT_CONVERSION = YES;
				GCC_WARN_ABOUT_RETURN_TYPE = YES_ERROR;
				GCC_WARN_UNDECLARED_SELECTOR = YES;
				GCC_WARN_UNINITIALIZED_AUTOS = YES_AGGRESSIVE;
				GCC_WARN_UNUSED_FUNCTION = YES;
				GCC_WARN_UNUSED_VARIABLE = YES;
				IPHONEOS_DEPLOYMENT_TARGET = 8.2;
				MTL_ENABLE_DEBUG_INFO = NO;
				SDKROOT = iphoneos;
				VALIDATE_PRODUCT = YES;
			};
			name = Release;
		};
		C37D930F1AC098A900F9914A /* Debug */ = {
			isa = XCBuildConfiguration;
			buildSettings = {
				ASSETCATALOG_COMPILER_APPICON_NAME = AppIcon;
				CODE_SIGN_IDENTITY = "iPhone Developer";
				"CODE_SIGN_IDENTITY[sdk=iphoneos*]" = "iPhone Developer";
				INFOPLIST_FILE = ECDropDownList/Info.plist;
				LD_RUNPATH_SEARCH_PATHS = "$(inherited) @executable_path/Frameworks";
				PRODUCT_NAME = "$(TARGET_NAME)";
				PROVISIONING_PROFILE = "";
			};
			name = Debug;
		};
		C37D93101AC098A900F9914A /* Release */ = {
			isa = XCBuildConfiguration;
			buildSettings = {
				ASSETCATALOG_COMPILER_APPICON_NAME = AppIcon;
				CODE_SIGN_IDENTITY = "iPhone Developer";
				"CODE_SIGN_IDENTITY[sdk=iphoneos*]" = "iPhone Developer";
				INFOPLIST_FILE = ECDropDownList/Info.plist;
				LD_RUNPATH_SEARCH_PATHS = "$(inherited) @executable_path/Frameworks";
				PRODUCT_NAME = "$(TARGET_NAME)";
				PROVISIONING_PROFILE = "";
			};
			name = Release;
		};
		C37D93121AC098A900F9914A /* Debug */ = {
			isa = XCBuildConfiguration;
			buildSettings = {
				BUNDLE_LOADER = "$(TEST_HOST)";
				FRAMEWORK_SEARCH_PATHS = (
					"$(SDKROOT)/Developer/Library/Frameworks",
					"$(inherited)",
				);
				GCC_PREPROCESSOR_DEFINITIONS = (
					"DEBUG=1",
					"$(inherited)",
				);
				INFOPLIST_FILE = ECDropDownListTests/Info.plist;
				LD_RUNPATH_SEARCH_PATHS = "$(inherited) @executable_path/Frameworks @loader_path/Frameworks";
				PRODUCT_NAME = "$(TARGET_NAME)";
				TEST_HOST = "$(BUILT_PRODUCTS_DIR)/ECDropDownList.app/ECDropDownList";
			};
			name = Debug;
		};
		C37D93131AC098A900F9914A /* Release */ = {
			isa = XCBuildConfiguration;
			buildSettings = {
				BUNDLE_LOADER = "$(TEST_HOST)";
				FRAMEWORK_SEARCH_PATHS = (
					"$(SDKROOT)/Developer/Library/Frameworks",
					"$(inherited)",
				);
				INFOPLIST_FILE = ECDropDownListTests/Info.plist;
				LD_RUNPATH_SEARCH_PATHS = "$(inherited) @executable_path/Frameworks @loader_path/Frameworks";
				PRODUCT_NAME = "$(TARGET_NAME)";
				TEST_HOST = "$(BUILT_PRODUCTS_DIR)/ECDropDownList.app/ECDropDownList";
			};
			name = Release;
		};
/* End XCBuildConfiguration section */

/* Begin XCConfigurationList section */
		C37D92EA1AC098A800F9914A /* Build configuration list for PBXProject "ECDropDownList" */ = {
			isa = XCConfigurationList;
			buildConfigurations = (
				C37D930C1AC098A900F9914A /* Debug */,
				C37D930D1AC098A900F9914A /* Release */,
			);
			defaultConfigurationIsVisible = 0;
			defaultConfigurationName = Release;
		};
		C37D930E1AC098A900F9914A /* Build configuration list for PBXNativeTarget "ECDropDownList" */ = {
			isa = XCConfigurationList;
			buildConfigurations = (
				C37D930F1AC098A900F9914A /* Debug */,
				C37D93101AC098A900F9914A /* Release */,
			);
			defaultConfigurationIsVisible = 0;
			defaultConfigurationName = Release;
		};
		C37D93111AC098A900F9914A /* Build configuration list for PBXNativeTarget "ECDropDownListTests" */ = {
			isa = XCConfigurationList;
			buildConfigurations = (
				C37D93121AC098A900F9914A /* Debug */,
				C37D93131AC098A900F9914A /* Release */,
			);
			defaultConfigurationIsVisible = 0;
			defaultConfigurationName = Release;
		};
/* End XCConfigurationList section */
	};
	rootObject = C37D92E71AC098A800F9914A /* Project object */;
}
